
Microsoft Visual Studio Solution File, Format Version 12.00
# Visual Studio Version 17
VisualStudioVersion = 17.11.35431.28
MinimumVisualStudioVersion = 10.0.40219.1
Project("{9A19103F-16F7-4668-BE54-9A1E7A4F7556}") = "MasterIdiomas", "MasterIdiomas.csproj", "{04E0BE65-494F-4D94-892F-65508A8DDC9A}"
EndProject
Global
	GlobalSection(SolutionConfigurationPlatforms) = preSolution
		Debug|Any CPU = Debug|Any CPU
		Debug|x64 = Debug|x64
		Debug|x86 = Debug|x86
		Release|Any CPU = Release|Any CPU
		Release|x64 = Release|x64
		Release|x86 = Release|x86
	EndGlobalSection
	GlobalSection(ProjectConfigurationPlatforms) = postSolution
		{04E0BE65-494F-4D94-892F-65508A8DDC9A}.Debug|Any CPU.ActiveCfg = Debug|Any CPU
		{04E0BE65-494F-4D94-892F-65508A8DDC9A}.Debug|Any CPU.Build.0 = Debug|Any CPU
		{04E0BE65-494F-4D94-892F-65508A8DDC9A}.Debug|x64.ActiveCfg = Debug|Any CPU
		{04E0BE65-494F-4D94-892F-65508A8DDC9A}.Debug|x64.Build.0 = Debug|Any CPU
		{04E0BE65-494F-4D94-892F-65508A8DDC9A}.Debug|x86.ActiveCfg = Debug|Any CPU
		{04E0BE65-494F-4D94-892F-65508A8DDC9A}.Debug|x86.Build.0 = Debug|Any CPU
		{04E0BE65-494F-4D94-892F-65508A8DDC9A}.Release|Any CPU.ActiveCfg = Release|Any CPU
		{04E0BE65-494F-4D94-892F-65508A8DDC9A}.Release|Any CPU.Build.0 = Release|Any CPU
		{04E0BE65-494F-4D94-892F-65508A8DDC9A}.Release|x64.ActiveCfg = Release|Any CPU
		{04E0BE65-494F-4D94-892F-65508A8DDC9A}.Release|x64.Build.0 = Release|Any CPU
		{04E0BE65-494F-4D94-892F-65508A8DDC9A}.Release|x86.ActiveCfg = Release|Any CPU
		{04E0BE65-494F-4D94-892F-65508A8DDC9A}.Release|x86.Build.0 = Release|Any CPU
	EndGlobalSection
	GlobalSection(SolutionProperties) = preSolution
		HideSolutionNode = FALSE
	EndGlobalSection
	GlobalSection(ExtensibilityGlobals) = postSolution
		SolutionGuid = {43EA04E4-B0CF-40DF-88F2-E60D69A37EF4}
	EndGlobalSection
EndGlobal
